
Microsoft Visual Studio Solution File, Format Version 12.00
# Visual Studio Version 16
VisualStudioVersion = 16.0.30517.126
MinimumVisualStudioVersion = 10.0.40219.1
Project("{9A19103F-16F7-4668-BE54-9A1E7A4F7556}") = "FrontEnd", "FrontEnd\FrontEnd.csproj", "{3E8F9B5D-F627-47B4-9CDA-2D97EA9054A1}"
EndProject
Project("{FAE04EC0-301F-11D3-BF4B-00C04F79EFBC}") = "BackEnd", "BackEnd\BackEnd.csproj", "{C2D0E340-134C-4403-BA9A-09254C0BA711}"
EndProject
Global
	GlobalSection(SolutionConfigurationPlatforms) = preSolution
		Debug|Any CPU = Debug|Any CPU
		Release|Any CPU = Release|Any CPU
	EndGlobalSection
	GlobalSection(ProjectConfigurationPlatforms) = postSolution
		{3E8F9B5D-F627-47B4-9CDA-2D97EA9054A1}.Debug|Any CPU.ActiveCfg = Debug|Any CPU
		{3E8F9B5D-F627-47B4-9CDA-2D97EA9054A1}.Debug|Any CPU.Build.0 = Debug|Any CPU
		{3E8F9B5D-F627-47B4-9CDA-2D97EA9054A1}.Release|Any CPU.ActiveCfg = Release|Any CPU
		{3E8F9B5D-F627-47B4-9CDA-2D97EA9054A1}.Release|Any CPU.Build.0 = Release|Any CPU
		{C2D0E340-134C-4403-BA9A-09254C0BA711}.Debug|Any CPU.ActiveCfg = Debug|Any CPU
		{C2D0E340-134C-4403-BA9A-09254C0BA711}.Debug|Any CPU.Build.0 = Debug|Any CPU
		{C2D0E340-134C-4403-BA9A-09254C0BA711}.Release|Any CPU.ActiveCfg = Release|Any CPU
		{C2D0E340-134C-4403-BA9A-09254C0BA711}.Release|Any CPU.Build.0 = Release|Any CPU
	EndGlobalSection
	GlobalSection(SolutionProperties) = preSolution
		HideSolutionNode = FALSE
	EndGlobalSection
	GlobalSection(ExtensibilityGlobals) = postSolution
		SolutionGuid = {876A2FB8-DA8C-4F7B-9482-B2EA6C285F3F}
	EndGlobalSection
EndGlobal
